// !$*UTF8*$!
{
	archiveVersion = 1;
	classes = {
	};
	objectVersion = 48;
	objects = {

/* Begin PBXBuildFile section */
		4306F1131FFBF0D300DF6F04 /* DataService.swift in Sources */ = {isa = PBXBuildFile; fileRef = 4306F1121FFBF0D300DF6F04 /* DataService.swift */; };
		435FAE6F1FF69C8E009241CF /* LoginVC.swift in Sources */ = {isa = PBXBuildFile; fileRef = 435FAE6E1FF69C8E009241CF /* LoginVC.swift */; };
		435FAE711FF6A1FB009241CF /* RoundedCornerTextField.swift in Sources */ = {isa = PBXBuildFile; fileRef = 435FAE701FF6A1FB009241CF /* RoundedCornerTextField.swift */; };
		435FAE731FF7F158009241CF /* GoogleService-Info.plist in Resources */ = {isa = PBXBuildFile; fileRef = 435FAE721FF7F157009241CF /* GoogleService-Info.plist */; };
		4389AC2C1FEE2334006C53AC /* AppDelegate.swift in Sources */ = {isa = PBXBuildFile; fileRef = 4389AC2B1FEE2334006C53AC /* AppDelegate.swift */; };
		4389AC2E1FEE2334006C53AC /* HomeVC.swift in Sources */ = {isa = PBXBuildFile; fileRef = 4389AC2D1FEE2334006C53AC /* HomeVC.swift */; };
		4389AC311FEE2334006C53AC /* Main.storyboard in Resources */ = {isa = PBXBuildFile; fileRef = 4389AC2F1FEE2334006C53AC /* Main.storyboard */; };
		4389AC331FEE2334006C53AC /* Assets.xcassets in Resources */ = {isa = PBXBuildFile; fileRef = 4389AC321FEE2334006C53AC /* Assets.xcassets */; };
		4389AC361FEE2334006C53AC /* LaunchScreen.storyboard in Resources */ = {isa = PBXBuildFile; fileRef = 4389AC341FEE2334006C53AC /* LaunchScreen.storyboard */; };
		4389AC411FEEC318006C53AC /* GradientView.swift in Sources */ = {isa = PBXBuildFile; fileRef = 4389AC401FEEC318006C53AC /* GradientView.swift */; };
		4389AC431FF173DB006C53AC /* RoundImage.swift in Sources */ = {isa = PBXBuildFile; fileRef = 4389AC421FF173DB006C53AC /* RoundImage.swift */; };
		4389AC451FF174EB006C53AC /* RoundShadow.swift in Sources */ = {isa = PBXBuildFile; fileRef = 4389AC441FF174EB006C53AC /* RoundShadow.swift */; };
		4389AC471FF1768E006C53AC /* CircleView.swift in Sources */ = {isa = PBXBuildFile; fileRef = 4389AC461FF1768E006C53AC /* CircleView.swift */; };
		4389AC491FF2AA2A006C53AC /* RoundshadowanimButton.swift in Sources */ = {isa = PBXBuildFile; fileRef = 4389AC481FF2AA2A006C53AC /* RoundshadowanimButton.swift */; };
		4389AC4B1FF400C0006C53AC /* LeftSidePanelVC.swift in Sources */ = {isa = PBXBuildFile; fileRef = 4389AC4A1FF400C0006C53AC /* LeftSidePanelVC.swift */; };
		4389AC4D1FF40137006C53AC /* ContainerVC.swift in Sources */ = {isa = PBXBuildFile; fileRef = 4389AC4C1FF40137006C53AC /* ContainerVC.swift */; };
		4389AC501FF404E7006C53AC /* CenterVCDelegate.swift in Sources */ = {isa = PBXBuildFile; fileRef = 4389AC4F1FF404E7006C53AC /* CenterVCDelegate.swift */; };
		4389AC531FF55E2A006C53AC /* UIViewEXT.swift in Sources */ = {isa = PBXBuildFile; fileRef = 4389AC521FF55E2A006C53AC /* UIViewEXT.swift */; };
		E329A6C3FCA86F4514BD6B91 /* Pods_RidesShare.framework in Frameworks */ = {isa = PBXBuildFile; fileRef = BD9CE8AD5C316C256CDE1899 /* Pods_RidesShare.framework */; };
/* End PBXBuildFile section */

/* Begin PBXFileReference section */
		4306F1121FFBF0D300DF6F04 /* DataService.swift */ = {isa = PBXFileReference; lastKnownFileType = sourcecode.swift; path = DataService.swift; sourceTree = "<group>"; };
		435FAE6E1FF69C8E009241CF /* LoginVC.swift */ = {isa = PBXFileReference; lastKnownFileType = sourcecode.swift; path = LoginVC.swift; sourceTree = "<group>"; };
		435FAE701FF6A1FB009241CF /* RoundedCornerTextField.swift */ = {isa = PBXFileReference; lastKnownFileType = sourcecode.swift; path = RoundedCornerTextField.swift; sourceTree = "<group>"; };
		435FAE721FF7F157009241CF /* GoogleService-Info.plist */ = {isa = PBXFileReference; fileEncoding = 4; lastKnownFileType = text.plist.xml; path = "GoogleService-Info.plist"; sourceTree = "<group>"; };
		4389AC281FEE2334006C53AC /* RidesShare.app */ = {isa = PBXFileReference; explicitFileType = wrapper.application; includeInIndex = 0; path = RidesShare.app; sourceTree = BUILT_PRODUCTS_DIR; };
		4389AC2B1FEE2334006C53AC /* AppDelegate.swift */ = {isa = PBXFileReference; lastKnownFileType = sourcecode.swift; path = AppDelegate.swift; sourceTree = "<group>"; };
		4389AC2D1FEE2334006C53AC /* HomeVC.swift */ = {isa = PBXFileReference; lastKnownFileType = sourcecode.swift; path = HomeVC.swift; sourceTree = "<group>"; };
		4389AC301FEE2334006C53AC /* Base */ = {isa = PBXFileReference; lastKnownFileType = file.storyboard; name = Base; path = Base.lproj/Main.storyboard; sourceTree = "<group>"; };
		4389AC321FEE2334006C53AC /* Assets.xcassets */ = {isa = PBXFileReference; lastKnownFileType = folder.assetcatalog; path = Assets.xcassets; sourceTree = "<group>"; };
		4389AC351FEE2334006C53AC /* Base */ = {isa = PBXFileReference; lastKnownFileType = file.storyboard; name = Base; path = Base.lproj/LaunchScreen.storyboard; sourceTree = "<group>"; };
		4389AC371FEE2334006C53AC /* Info.plist */ = {isa = PBXFileReference; lastKnownFileType = text.plist.xml; path = Info.plist; sourceTree = "<group>"; };
		4389AC401FEEC318006C53AC /* GradientView.swift */ = {isa = PBXFileReference; lastKnownFileType = sourcecode.swift; path = GradientView.swift; sourceTree = "<group>"; };
		4389AC421FF173DB006C53AC /* RoundImage.swift */ = {isa = PBXFileReference; lastKnownFileType = sourcecode.swift; path = RoundImage.swift; sourceTree = "<group>"; };
		4389AC441FF174EB006C53AC /* RoundShadow.swift */ = {isa = PBXFileReference; lastKnownFileType = sourcecode.swift; path = RoundShadow.swift; sourceTree = "<group>"; };
		4389AC461FF1768E006C53AC /* CircleView.swift */ = {isa = PBXFileReference; lastKnownFileType = sourcecode.swift; path = CircleView.swift; sourceTree = "<group>"; };
		4389AC481FF2AA2A006C53AC /* RoundshadowanimButton.swift */ = {isa = PBXFileReference; lastKnownFileType = sourcecode.swift; path = RoundshadowanimButton.swift; sourceTree = "<group>"; };
		4389AC4A1FF400C0006C53AC /* LeftSidePanelVC.swift */ = {isa = PBXFileReference; lastKnownFileType = sourcecode.swift; path = LeftSidePanelVC.swift; sourceTree = "<group>"; };
		4389AC4C1FF40137006C53AC /* ContainerVC.swift */ = {isa = PBXFileReference; lastKnownFileType = sourcecode.swift; path = ContainerVC.swift; sourceTree = "<group>"; };
		4389AC4F1FF404E7006C53AC /* CenterVCDelegate.swift */ = {isa = PBXFileReference; lastKnownFileType = sourcecode.swift; path = CenterVCDelegate.swift; sourceTree = "<group>"; };
		4389AC521FF55E2A006C53AC /* UIViewEXT.swift */ = {isa = PBXFileReference; lastKnownFileType = sourcecode.swift; path = UIViewEXT.swift; sourceTree = "<group>"; };
		6D064CA7A1BF47DDEF445B47 /* Pods-RidesShare.debug.xcconfig */ = {isa = PBXFileReference; includeInIndex = 1; lastKnownFileType = text.xcconfig; name = "Pods-RidesShare.debug.xcconfig"; path = "Pods/Target Support Files/Pods-RidesShare/Pods-RidesShare.debug.xcconfig"; sourceTree = "<group>"; };
		BD9CE8AD5C316C256CDE1899 /* Pods_RidesShare.framework */ = {isa = PBXFileReference; explicitFileType = wrapper.framework; includeInIndex = 0; path = Pods_RidesShare.framework; sourceTree = BUILT_PRODUCTS_DIR; };
		DD62FF4C817C98D76A55BCCE /* Pods-RidesShare.release.xcconfig */ = {isa = PBXFileReference; includeInIndex = 1; lastKnownFileType = text.xcconfig; name = "Pods-RidesShare.release.xcconfig"; path = "Pods/Target Support Files/Pods-RidesShare/Pods-RidesShare.release.xcconfig"; sourceTree = "<group>"; };
/* End PBXFileReference section */

/* Begin PBXFrameworksBuildPhase section */
		4389AC251FEE2334006C53AC /* Frameworks */ = {
			isa = PBXFrameworksBuildPhase;
			buildActionMask = 2147483647;
			files = (
				E329A6C3FCA86F4514BD6B91 /* Pods_RidesShare.framework in Frameworks */,
			);
			runOnlyForDeploymentPostprocessing = 0;
		};
/* End PBXFrameworksBuildPhase section */

/* Begin PBXGroup section */
		183244DC78C3238CE53B3A2D /* Pods */ = {
			isa = PBXGroup;
			children = (
				6D064CA7A1BF47DDEF445B47 /* Pods-RidesShare.debug.xcconfig */,
				DD62FF4C817C98D76A55BCCE /* Pods-RidesShare.release.xcconfig */,
			);
			name = Pods;
			sourceTree = "<group>";
		};
		4306F10F1FFBE3E500DF6F04 /* Services */ = {
			isa = PBXGroup;
			children = (
				4306F1121FFBF0D300DF6F04 /* DataService.swift */,
			);
			path = Services;
			sourceTree = "<group>";
		};
		4389AC1F1FEE2333006C53AC = {
			isa = PBXGroup;
			children = (
				4389AC2A1FEE2334006C53AC /* RidesShare */,
				4389AC291FEE2334006C53AC /* Products */,
				183244DC78C3238CE53B3A2D /* Pods */,
				87AF79D86BE324521BB8D96D /* Frameworks */,
			);
			sourceTree = "<group>";
		};
		4389AC291FEE2334006C53AC /* Products */ = {
			isa = PBXGroup;
			children = (
				4389AC281FEE2334006C53AC /* RidesShare.app */,
			);
			name = Products;
			sourceTree = "<group>";
		};
		4389AC2A1FEE2334006C53AC /* RidesShare */ = {
			isa = PBXGroup;
			children = (
				4306F10F1FFBE3E500DF6F04 /* Services */,
				4389AC511FF55E15006C53AC /* Extension */,
				4389AC4E1FF404CA006C53AC /* Protocols */,
				4389AC3F1FEEC2BD006C53AC /* Model */,
				4389AC3E1FEEC2B9006C53AC /* View */,
				4389AC3D1FEEC2A8006C53AC /* Controller */,
				4389AC2B1FEE2334006C53AC /* AppDelegate.swift */,
				4389AC2F1FEE2334006C53AC /* Main.storyboard */,
				4389AC321FEE2334006C53AC /* Assets.xcassets */,
				4389AC341FEE2334006C53AC /* LaunchScreen.storyboard */,
				4389AC371FEE2334006C53AC /* Info.plist */,
				435FAE721FF7F157009241CF /* GoogleService-Info.plist */,
			);
			path = RidesShare;
			sourceTree = "<group>";
		};
		4389AC3D1FEEC2A8006C53AC /* Controller */ = {
			isa = PBXGroup;
			children = (
				4389AC2D1FEE2334006C53AC /* HomeVC.swift */,
				4389AC4A1FF400C0006C53AC /* LeftSidePanelVC.swift */,
				4389AC4C1FF40137006C53AC /* ContainerVC.swift */,
				435FAE6E1FF69C8E009241CF /* LoginVC.swift */,
			);
			path = Controller;
			sourceTree = "<group>";
		};
		4389AC3E1FEEC2B9006C53AC /* View */ = {
			isa = PBXGroup;
			children = (
				4389AC401FEEC318006C53AC /* GradientView.swift */,
				4389AC421FF173DB006C53AC /* RoundImage.swift */,
				4389AC441FF174EB006C53AC /* RoundShadow.swift */,
				4389AC461FF1768E006C53AC /* CircleView.swift */,
				4389AC481FF2AA2A006C53AC /* RoundshadowanimButton.swift */,
				435FAE701FF6A1FB009241CF /* RoundedCornerTextField.swift */,
			);
			path = View;
			sourceTree = "<group>";
		};
		4389AC3F1FEEC2BD006C53AC /* Model */ = {
			isa = PBXGroup;
			children = (
			);
			path = Model;
			sourceTree = "<group>";
		};
		4389AC4E1FF404CA006C53AC /* Protocols */ = {
			isa = PBXGroup;
			children = (
				4389AC4F1FF404E7006C53AC /* CenterVCDelegate.swift */,
			);
			path = Protocols;
			sourceTree = "<group>";
		};
		4389AC511FF55E15006C53AC /* Extension */ = {
			isa = PBXGroup;
			children = (
				4389AC521FF55E2A006C53AC /* UIViewEXT.swift */,
			);
			path = Extension;
			sourceTree = "<group>";
		};
		87AF79D86BE324521BB8D96D /* Frameworks */ = {
			isa = PBXGroup;
			children = (
				BD9CE8AD5C316C256CDE1899 /* Pods_RidesShare.framework */,
			);
			name = Frameworks;
			sourceTree = "<group>";
		};
/* End PBXGroup section */

/* Begin PBXNativeTarget section */
		4389AC271FEE2334006C53AC /* RidesShare */ = {
			isa = PBXNativeTarget;
			buildConfigurationList = 4389AC3A1FEE2334006C53AC /* Build configuration list for PBXNativeTarget "RidesShare" */;
			buildPhases = (
				40FAB66D8B63E769CE5250F9 /* [CP] Check Pods Manifest.lock */,
				4389AC241FEE2334006C53AC /* Sources */,
				4389AC251FEE2334006C53AC /* Frameworks */,
				4389AC261FEE2334006C53AC /* Resources */,
				46AD2E58E397ACAAEE811D5A /* [CP] Embed Pods Frameworks */,
				9D999FA0DC1AF9E7537B54CE /* [CP] Copy Pods Resources */,
			);
			buildRules = (
			);
			dependencies = (
			);
			name = RidesShare;
			productName = RidesShare;
			productReference = 4389AC281FEE2334006C53AC /* RidesShare.app */;
			productType = "com.apple.product-type.application";
		};
/* End PBXNativeTarget section */

/* Begin PBXProject section */
		4389AC201FEE2333006C53AC /* Project object */ = {
			isa = PBXProject;
			attributes = {
				LastSwiftUpdateCheck = 0900;
				LastUpgradeCheck = 0900;
				ORGANIZATIONNAME = "Abouelouafa Yassine";
				TargetAttributes = {
					4389AC271FEE2334006C53AC = {
						CreatedOnToolsVersion = 9.0.1;
						ProvisioningStyle = Automatic;
					};
				};
			};
			buildConfigurationList = 4389AC231FEE2334006C53AC /* Build configuration list for PBXProject "RidesShare" */;
			compatibilityVersion = "Xcode 8.0";
			developmentRegion = en;
			hasScannedForEncodings = 0;
			knownRegions = (
				en,
				Base,
			);
			mainGroup = 4389AC1F1FEE2333006C53AC;
			productRefGroup = 4389AC291FEE2334006C53AC /* Products */;
			projectDirPath = "";
			projectRoot = "";
			targets = (
				4389AC271FEE2334006C53AC /* RidesShare */,
			);
		};
/* End PBXProject section */

/* Begin PBXResourcesBuildPhase section */
		4389AC261FEE2334006C53AC /* Resources */ = {
			isa = PBXResourcesBuildPhase;
			buildActionMask = 2147483647;
			files = (
				4389AC361FEE2334006C53AC /* LaunchScreen.storyboard in Resources */,
				435FAE731FF7F158009241CF /* GoogleService-Info.plist in Resources */,
				4389AC331FEE2334006C53AC /* Assets.xcassets in Resources */,
				4389AC311FEE2334006C53AC /* Main.storyboard in Resources */,
			);
			runOnlyForDeploymentPostprocessing = 0;
		};
/* End PBXResourcesBuildPhase section */

/* Begin PBXShellScriptBuildPhase section */
		40FAB66D8B63E769CE5250F9 /* [CP] Check Pods Manifest.lock */ = {
			isa = PBXShellScriptBuildPhase;
			buildActionMask = 2147483647;
			files = (
			);
			inputPaths = (
				"${PODS_PODFILE_DIR_PATH}/Podfile.lock",
				"${PODS_ROOT}/Manifest.lock",
			);
			name = "[CP] Check Pods Manifest.lock";
			outputPaths = (
				"$(DERIVED_FILE_DIR)/Pods-RidesShare-checkManifestLockResult.txt",
			);
			runOnlyForDeploymentPostprocessing = 0;
			shellPath = /bin/sh;
			shellScript = "diff \"${PODS_PODFILE_DIR_PATH}/Podfile.lock\" \"${PODS_ROOT}/Manifest.lock\" > /dev/null\nif [ $? != 0 ] ; then\n    # print error to STDERR\n    echo \"error: The sandbox is not in sync with the Podfile.lock. Run 'pod install' or update your CocoaPods installation.\" >&2\n    exit 1\nfi\n# This output is used by Xcode 'outputs' to avoid re-running this script phase.\necho \"SUCCESS\" > \"${SCRIPT_OUTPUT_FILE_0}\"\n";
			showEnvVarsInLog = 0;
		};
		46AD2E58E397ACAAEE811D5A /* [CP] Embed Pods Frameworks */ = {
			isa = PBXShellScriptBuildPhase;
			buildActionMask = 2147483647;
			files = (
			);
			inputPaths = (
				"${SRCROOT}/Pods/Target Support Files/Pods-RidesShare/Pods-RidesShare-frameworks.sh",
				"${BUILT_PRODUCTS_DIR}/GTMSessionFetcher/GTMSessionFetcher.framework",
				"${BUILT_PRODUCTS_DIR}/GoogleToolboxForMac/GoogleToolboxForMac.framework",
				"${BUILT_PRODUCTS_DIR}/RevealingSplashView/RevealingSplashView.framework",
				"${BUILT_PRODUCTS_DIR}/leveldb-library/leveldb.framework",
				"${BUILT_PRODUCTS_DIR}/nanopb/nanopb.framework",
			);
			name = "[CP] Embed Pods Frameworks";
			outputPaths = (
				"${TARGET_BUILD_DIR}/${FRAMEWORKS_FOLDER_PATH}/GTMSessionFetcher.framework",
				"${TARGET_BUILD_DIR}/${FRAMEWORKS_FOLDER_PATH}/GoogleToolboxForMac.framework",
				"${TARGET_BUILD_DIR}/${FRAMEWORKS_FOLDER_PATH}/RevealingSplashView.framework",
				"${TARGET_BUILD_DIR}/${FRAMEWORKS_FOLDER_PATH}/leveldb.framework",
				"${TARGET_BUILD_DIR}/${FRAMEWORKS_FOLDER_PATH}/nanopb.framework",
			);
			runOnlyForDeploymentPostprocessing = 0;
			shellPath = /bin/sh;
			shellScript = "\"${SRCROOT}/Pods/Target Support Files/Pods-RidesShare/Pods-RidesShare-frameworks.sh\"\n";
			showEnvVarsInLog = 0;
		};
		9D999FA0DC1AF9E7537B54CE /* [CP] Copy Pods Resources */ = {
			isa = PBXShellScriptBuildPhase;
			buildActionMask = 2147483647;
			files = (
			);
			inputPaths = (
			);
			name = "[CP] Copy Pods Resources";
			outputPaths = (
			);
			runOnlyForDeploymentPostprocessing = 0;
			shellPath = /bin/sh;
			shellScript = "\"${SRCROOT}/Pods/Target Support Files/Pods-RidesShare/Pods-RidesShare-resources.sh\"\n";
			showEnvVarsInLog = 0;
		};
/* End PBXShellScriptBuildPhase section */

/* Begin PBXSourcesBuildPhase section */
		4389AC241FEE2334006C53AC /* Sources */ = {
			isa = PBXSourcesBuildPhase;
			buildActionMask = 2147483647;
			files = (
				4389AC501FF404E7006C53AC /* CenterVCDelegate.swift in Sources */,
				4306F1131FFBF0D300DF6F04 /* DataService.swift in Sources */,
				4389AC491FF2AA2A006C53AC /* RoundshadowanimButton.swift in Sources */,
				435FAE6F1FF69C8E009241CF /* LoginVC.swift in Sources */,
				4389AC4B1FF400C0006C53AC /* LeftSidePanelVC.swift in Sources */,
				4389AC471FF1768E006C53AC /* CircleView.swift in Sources */,
				4389AC4D1FF40137006C53AC /* ContainerVC.swift in Sources */,
				4389AC2E1FEE2334006C53AC /* HomeVC.swift in Sources */,
				4389AC451FF174EB006C53AC /* RoundShadow.swift in Sources */,
				4389AC2C1FEE2334006C53AC /* AppDelegate.swift in Sources */,
				4389AC431FF173DB006C53AC /* RoundImage.swift in Sources */,
				435FAE711FF6A1FB009241CF /* RoundedCornerTextField.swift in Sources */,
				4389AC531FF55E2A006C53AC /* UIViewEXT.swift in Sources */,
				4389AC411FEEC318006C53AC /* GradientView.swift in Sources */,
			);
			runOnlyForDeploymentPostprocessing = 0;
		};
/* End PBXSourcesBuildPhase section */

/* Begin PBXVariantGroup section */
		4389AC2F1FEE2334006C53AC /* Main.storyboard */ = {
			isa = PBXVariantGroup;
			children = (
				4389AC301FEE2334006C53AC /* Base */,
			);
			name = Main.storyboard;
			sourceTree = "<group>";
		};
		4389AC341FEE2334006C53AC /* LaunchScreen.storyboard */ = {
			isa = PBXVariantGroup;
			children = (
				4389AC351FEE2334006C53AC /* Base */,
			);
			name = LaunchScreen.storyboard;
			sourceTree = "<group>";
		};
/* End PBXVariantGroup section */

/* Begin XCBuildConfiguration section */
		4389AC381FEE2334006C53AC /* Debug */ = {
			isa = XCBuildConfiguration;
			buildSettings = {
				ALWAYS_SEARCH_USER_PATHS = NO;
				CLANG_ANALYZER_NONNULL = YES;
				CLANG_ANALYZER_NUMBER_OBJECT_CONVERSION = YES_AGGRESSIVE;
				CLANG_CXX_LANGUAGE_STANDARD = "gnu++14";
				CLANG_CXX_LIBRARY = "libc++";
				CLANG_ENABLE_MODULES = YES;
				CLANG_ENABLE_OBJC_ARC = YES;
				CLANG_WARN_BLOCK_CAPTURE_AUTORELEASING = YES;
				CLANG_WARN_BOOL_CONVERSION = YES;
				CLANG_WARN_COMMA = YES;
				CLANG_WARN_CONSTANT_CONVERSION = YES;
				CLANG_WARN_DIRECT_OBJC_ISA_USAGE = YES_ERROR;
				CLANG_WARN_DOCUMENTATION_COMMENTS = YES;
				CLANG_WARN_EMPTY_BODY = YES;
				CLANG_WARN_ENUM_CONVERSION = YES;
				CLANG_WARN_INFINITE_RECURSION = YES;
				CLANG_WARN_INT_CONVERSION = YES;
				CLANG_WARN_NON_LITERAL_NULL_CONVERSION = YES;
				CLANG_WARN_OBJC_LITERAL_CONVERSION = YES;
				CLANG_WARN_OBJC_ROOT_CLASS = YES_ERROR;
				CLANG_WARN_RANGE_LOOP_ANALYSIS = YES;
				CLANG_WARN_STRICT_PROTOTYPES = YES;
				CLANG_WARN_SUSPICIOUS_MOVE = YES;
				CLANG_WARN_UNGUARDED_AVAILABILITY = YES_AGGRESSIVE;
				CLANG_WARN_UNREACHABLE_CODE = YES;
				CLANG_WARN__DUPLICATE_METHOD_MATCH = YES;
				CODE_SIGN_IDENTITY = "iPhone Developer";
				COPY_PHASE_STRIP = NO;
				DEBUG_INFORMATION_FORMAT = dwarf;
				ENABLE_STRICT_OBJC_MSGSEND = YES;
				ENABLE_TESTABILITY = YES;
				GCC_C_LANGUAGE_STANDARD = gnu11;
				GCC_DYNAMIC_NO_PIC = NO;
				GCC_NO_COMMON_BLOCKS = YES;
				GCC_OPTIMIZATION_LEVEL = 0;
				GCC_PREPROCESSOR_DEFINITIONS = (
					"DEBUG=1",
					"$(inherited)",
				);
				GCC_WARN_64_TO_32_BIT_CONVERSION = YES;
				GCC_WARN_ABOUT_RETURN_TYPE = YES_ERROR;
				GCC_WARN_UNDECLARED_SELECTOR = YES;
				GCC_WARN_UNINITIALIZED_AUTOS = YES_AGGRESSIVE;
				GCC_WARN_UNUSED_FUNCTION = YES;
				GCC_WARN_UNUSED_VARIABLE = YES;
				IPHONEOS_DEPLOYMENT_TARGET = 11.0;
				MTL_ENABLE_DEBUG_INFO = YES;
				ONLY_ACTIVE_ARCH = YES;
				SDKROOT = iphoneos;
				SWIFT_ACTIVE_COMPILATION_CONDITIONS = DEBUG;
				SWIFT_OPTIMIZATION_LEVEL = "-Onone";
			};
			name = Debug;
		};
		4389AC391FEE2334006C53AC /* Release */ = {
			isa = XCBuildConfiguration;
			buildSettings = {
				ALWAYS_SEARCH_USER_PATHS = NO;
				CLANG_ANALYZER_NONNULL = YES;
				CLANG_ANALYZER_NUMBER_OBJECT_CONVERSION = YES_AGGRESSIVE;
				CLANG_CXX_LANGUAGE_STANDARD = "gnu++14";
				CLANG_CXX_LIBRARY = "libc++";
				CLANG_ENABLE_MODULES = YES;
				CLANG_ENABLE_OBJC_ARC = YES;
				CLANG_WARN_BLOCK_CAPTURE_AUTORELEASING = YES;
				CLANG_WARN_BOOL_CONVERSION = YES;
				CLANG_WARN_COMMA = YES;
				CLANG_WARN_CONSTANT_CONVERSION = YES;
				CLANG_WARN_DIRECT_OBJC_ISA_USAGE = YES_ERROR;
				CLANG_WARN_DOCUMENTATION_COMMENTS = YES;
				CLANG_WARN_EMPTY_BODY = YES;
				CLANG_WARN_ENUM_CONVERSION = YES;
				CLANG_WARN_INFINITE_RECURSION = YES;
				CLANG_WARN_INT_CONVERSION = YES;
				CLANG_WARN_NON_LITERAL_NULL_CONVERSION = YES;
				CLANG_WARN_OBJC_LITERAL_CONVERSION = YES;
				CLANG_WARN_OBJC_ROOT_CLASS = YES_ERROR;
				CLANG_WARN_RANGE_LOOP_ANALYSIS = YES;
				CLANG_WARN_STRICT_PROTOTYPES = YES;
				CLANG_WARN_SUSPICIOUS_MOVE = YES;
				CLANG_WARN_UNGUARDED_AVAILABILITY = YES_AGGRESSIVE;
				CLANG_WARN_UNREACHABLE_CODE = YES;
				CLANG_WARN__DUPLICATE_METHOD_MATCH = YES;
				CODE_SIGN_IDENTITY = "iPhone Developer";
				COPY_PHASE_STRIP = NO;
				DEBUG_INFORMATION_FORMAT = "dwarf-with-dsym";
				ENABLE_NS_ASSERTIONS = NO;
				ENABLE_STRICT_OBJC_MSGSEND = YES;
				GCC_C_LANGUAGE_STANDARD = gnu11;
				GCC_NO_COMMON_BLOCKS = YES;
				GCC_WARN_64_TO_32_BIT_CONVERSION = YES;
				GCC_WARN_ABOUT_RETURN_TYPE = YES_ERROR;
				GCC_WARN_UNDECLARED_SELECTOR = YES;
				GCC_WARN_UNINITIALIZED_AUTOS = YES_AGGRESSIVE;
				GCC_WARN_UNUSED_FUNCTION = YES;
				GCC_WARN_UNUSED_VARIABLE = YES;
				IPHONEOS_DEPLOYMENT_TARGET = 11.0;
				MTL_ENABLE_DEBUG_INFO = NO;
				SDKROOT = iphoneos;
				SWIFT_OPTIMIZATION_LEVEL = "-Owholemodule";
				VALIDATE_PRODUCT = YES;
			};
			name = Release;
		};
		4389AC3B1FEE2334006C53AC /* Debug */ = {
			isa = XCBuildConfiguration;
			baseConfigurationReference = 6D064CA7A1BF47DDEF445B47 /* Pods-RidesShare.debug.xcconfig */;
			buildSettings = {
				ASSETCATALOG_COMPILER_APPICON_NAME = AppIcon;
				CODE_SIGN_STYLE = Automatic;
				DEVELOPMENT_TEAM = DJJ6DUC9EZ;
				ENABLE_BITCODE = YES;
				INFOPLIST_FILE = RidesShare/Info.plist;
				LD_RUNPATH_SEARCH_PATHS = "$(inherited) @executable_path/Frameworks";
				PRODUCT_BUNDLE_IDENTIFIER = com.abouelouafayassine.acty.RidesShare;
				PRODUCT_NAME = "$(TARGET_NAME)";
				SWIFT_VERSION = 4.0;
				TARGETED_DEVICE_FAMILY = "1,2";
			};
			name = Debug;
		};
		4389AC3C1FEE2334006C53AC /* Release */ = {
			isa = XCBuildConfiguration;
			baseConfigurationReference = DD62FF4C817C98D76A55BCCE /* Pods-RidesShare.release.xcconfig */;
			buildSettings = {
				ASSETCATALOG_COMPILER_APPICON_NAME = AppIcon;
				CODE_SIGN_STYLE = Automatic;
				DEVELOPMENT_TEAM = DJJ6DUC9EZ;
				ENABLE_BITCODE = YES;
				INFOPLIST_FILE = RidesShare/Info.plist;
				LD_RUNPATH_SEARCH_PATHS = "$(inherited) @executable_path/Frameworks";
				PRODUCT_BUNDLE_IDENTIFIER = com.abouelouafayassine.acty.RidesShare;
				PRODUCT_NAME = "$(TARGET_NAME)";
				SWIFT_VERSION = 4.0;
				TARGETED_DEVICE_FAMILY = "1,2";
			};
			name = Release;
		};
/* End XCBuildConfiguration section */

/* Begin XCConfigurationList section */
		4389AC231FEE2334006C53AC /* Build configuration list for PBXProject "RidesShare" */ = {
			isa = XCConfigurationList;
			buildConfigurations = (
				4389AC381FEE2334006C53AC /* Debug */,
				4389AC391FEE2334006C53AC /* Release */,
			);
			defaultConfigurationIsVisible = 0;
			defaultConfigurationName = Release;
		};
		4389AC3A1FEE2334006C53AC /* Build configuration list for PBXNativeTarget "RidesShare" */ = {
			isa = XCConfigurationList;
			buildConfigurations = (
				4389AC3B1FEE2334006C53AC /* Debug */,
				4389AC3C1FEE2334006C53AC /* Release */,
			);
			defaultConfigurationIsVisible = 0;
			defaultConfigurationName = Release;
		};
/* End XCConfigurationList section */
	};
	rootObject = 4389AC201FEE2333006C53AC /* Project object */;
}
